// !$*UTF8*$!
{
	archiveVersion = 1;
	classes = {
	};
	objectVersion = 46;
	objects = {

/* Begin PBXBuildFile section */
		713A0DF219DB0367007D85EC /* main.m in Sources */ = {isa = PBXBuildFile; fileRef = 713A0DF119DB0367007D85EC /* main.m */; };
		713A0DF519DB0367007D85EC /* AppDelegate.m in Sources */ = {isa = PBXBuildFile; fileRef = 713A0DF419DB0367007D85EC /* AppDelegate.m */; };
		713A0DF819DB0367007D85EC /* ViewController.m in Sources */ = {isa = PBXBuildFile; fileRef = 713A0DF719DB0367007D85EC /* ViewController.m */; };
		713A0DFB19DB0367007D85EC /* Main.storyboard in Resources */ = {isa = PBXBuildFile; fileRef = 713A0DF919DB0367007D85EC /* Main.storyboard */; };
		713A0DFD19DB0367007D85EC /* Images.xcassets in Resources */ = {isa = PBXBuildFile; fileRef = 713A0DFC19DB0367007D85EC /* Images.xcassets */; };
		713A0E0019DB0367007D85EC /* LaunchScreen.xib in Resources */ = {isa = PBXBuildFile; fileRef = 713A0DFE19DB0367007D85EC /* LaunchScreen.xib */; };
		713A0E0C19DB0367007D85EC /* Tab_PagerTests.m in Sources */ = {isa = PBXBuildFile; fileRef = 713A0E0B19DB0367007D85EC /* Tab_PagerTests.m */; };
/* End PBXBuildFile section */

/* Begin PBXContainerItemProxy section */
		713A0E0619DB0367007D85EC /* PBXContainerItemProxy */ = {
			isa = PBXContainerItemProxy;
			containerPortal = 713A0DE419DB0367007D85EC /* Project object */;
			proxyType = 1;
			remoteGlobalIDString = 713A0DEB19DB0367007D85EC;
			remoteInfo = "Tab-Pager";
		};
/* End PBXContainerItemProxy section */

/* Begin PBXFileReference section */
		713A0DEC19DB0367007D85EC /* Tab-Pager.app */ = {isa = PBXFileReference; explicitFileType = wrapper.application; includeInIndex = 0; path = "Tab-Pager.app"; sourceTree = BUILT_PRODUCTS_DIR; };
		713A0DF019DB0367007D85EC /* Info.plist */ = {isa = PBXFileReference; lastKnownFileType = text.plist.xml; path = Info.plist; sourceTree = "<group>"; };
		713A0DF119DB0367007D85EC /* main.m */ = {isa = PBXFileReference; lastKnownFileType = sourcecode.c.objc; path = main.m; sourceTree = "<group>"; };
		713A0DF319DB0367007D85EC /* AppDelegate.h */ = {isa = PBXFileReference; lastKnownFileType = sourcecode.c.h; path = AppDelegate.h; sourceTree = "<group>"; };
		713A0DF419DB0367007D85EC /* AppDelegate.m */ = {isa = PBXFileReference; lastKnownFileType = sourcecode.c.objc; path = AppDelegate.m; sourceTree = "<group>"; };
		713A0DF619DB0367007D85EC /* ViewController.h */ = {isa = PBXFileReference; lastKnownFileType = sourcecode.c.h; path = ViewController.h; sourceTree = "<group>"; };
		713A0DF719DB0367007D85EC /* ViewController.m */ = {isa = PBXFileReference; lastKnownFileType = sourcecode.c.objc; path = ViewController.m; sourceTree = "<group>"; };
		713A0DFA19DB0367007D85EC /* Base */ = {isa = PBXFileReference; lastKnownFileType = file.storyboard; name = Base; path = Base.lproj/Main.storyboard; sourceTree = "<group>"; };
		713A0DFC19DB0367007D85EC /* Images.xcassets */ = {isa = PBXFileReference; lastKnownFileType = folder.assetcatalog; path = Images.xcassets; sourceTree = "<group>"; };
		713A0DFF19DB0367007D85EC /* Base */ = {isa = PBXFileReference; lastKnownFileType = file.xib; name = Base; path = Base.lproj/LaunchScreen.xib; sourceTree = "<group>"; };
		713A0E0519DB0367007D85EC /* Tab-PagerTests.xctest */ = {isa = PBXFileReference; explicitFileType = wrapper.cfbundle; includeInIndex = 0; path = "Tab-PagerTests.xctest"; sourceTree = BUILT_PRODUCTS_DIR; };
		713A0E0A19DB0367007D85EC /* Info.plist */ = {isa = PBXFileReference; lastKnownFileType = text.plist.xml; path = Info.plist; sourceTree = "<group>"; };
		713A0E0B19DB0367007D85EC /* Tab_PagerTests.m */ = {isa = PBXFileReference; lastKnownFileType = sourcecode.c.objc; path = Tab_PagerTests.m; sourceTree = "<group>"; };
/* End PBXFileReference section */

/* Begin PBXFrameworksBuildPhase section */
		713A0DE919DB0367007D85EC /* Frameworks */ = {
			isa = PBXFrameworksBuildPhase;
			buildActionMask = 2147483647;
			files = (
			);
			runOnlyForDeploymentPostprocessing = 0;
		};
		713A0E0219DB0367007D85EC /* Frameworks */ = {
			isa = PBXFrameworksBuildPhase;
			buildActionMask = 2147483647;
			files = (
			);
			runOnlyForDeploymentPostprocessing = 0;
		};
/* End PBXFrameworksBuildPhase section */

/* Begin PBXGroup section */
		713A0DE319DB0367007D85EC = {
			isa = PBXGroup;
			children = (
				713A0DEE19DB0367007D85EC /* Tab-Pager */,
				713A0E0819DB0367007D85EC /* Tab-PagerTests */,
				713A0DED19DB0367007D85EC /* Products */,
			);
			sourceTree = "<group>";
		};
		713A0DED19DB0367007D85EC /* Products */ = {
			isa = PBXGroup;
			children = (
				713A0DEC19DB0367007D85EC /* Tab-Pager.app */,
				713A0E0519DB0367007D85EC /* Tab-PagerTests.xctest */,
			);
			name = Products;
			sourceTree = "<group>";
		};
		713A0DEE19DB0367007D85EC /* Tab-Pager */ = {
			isa = PBXGroup;
			children = (
				713A0DF319DB0367007D85EC /* AppDelegate.h */,
				713A0DF419DB0367007D85EC /* AppDelegate.m */,
				713A0DF619DB0367007D85EC /* ViewController.h */,
				713A0DF719DB0367007D85EC /* ViewController.m */,
				713A0DF919DB0367007D85EC /* Main.storyboard */,
				713A0DFC19DB0367007D85EC /* Images.xcassets */,
				713A0DFE19DB0367007D85EC /* LaunchScreen.xib */,
				713A0DEF19DB0367007D85EC /* Supporting Files */,
			);
			path = "Tab-Pager";
			sourceTree = "<group>";
		};
		713A0DEF19DB0367007D85EC /* Supporting Files */ = {
			isa = PBXGroup;
			children = (
				713A0DF019DB0367007D85EC /* Info.plist */,
				713A0DF119DB0367007D85EC /* main.m */,
			);
			name = "Supporting Files";
			sourceTree = "<group>";
		};
		713A0E0819DB0367007D85EC /* Tab-PagerTests */ = {
			isa = PBXGroup;
			children = (
				713A0E0B19DB0367007D85EC /* Tab_PagerTests.m */,
				713A0E0919DB0367007D85EC /* Supporting Files */,
			);
			path = "Tab-PagerTests";
			sourceTree = "<group>";
		};
		713A0E0919DB0367007D85EC /* Supporting Files */ = {
			isa = PBXGroup;
			children = (
				713A0E0A19DB0367007D85EC /* Info.plist */,
			);
			name = "Supporting Files";
			sourceTree = "<group>";
		};
/* End PBXGroup section */

/* Begin PBXNativeTarget section */
		713A0DEB19DB0367007D85EC /* Tab-Pager */ = {
			isa = PBXNativeTarget;
			buildConfigurationList = 713A0E0F19DB0367007D85EC /* Build configuration list for PBXNativeTarget "Tab-Pager" */;
			buildPhases = (
				713A0DE819DB0367007D85EC /* Sources */,
				713A0DE919DB0367007D85EC /* Frameworks */,
				713A0DEA19DB0367007D85EC /* Resources */,
			);
			buildRules = (
			);
			dependencies = (
			);
			name = "Tab-Pager";
			productName = "Tab-Pager";
			productReference = 713A0DEC19DB0367007D85EC /* Tab-Pager.app */;
			productType = "com.apple.product-type.application";
		};
		713A0E0419DB0367007D85EC /* Tab-PagerTests */ = {
			isa = PBXNativeTarget;
			buildConfigurationList = 713A0E1219DB0367007D85EC /* Build configuration list for PBXNativeTarget "Tab-PagerTests" */;
			buildPhases = (
				713A0E0119DB0367007D85EC /* Sources */,
				713A0E0219DB0367007D85EC /* Frameworks */,
				713A0E0319DB0367007D85EC /* Resources */,
			);
			buildRules = (
			);
			dependencies = (
				713A0E0719DB0367007D85EC /* PBXTargetDependency */,
			);
			name = "Tab-PagerTests";
			productName = "Tab-PagerTests";
			productReference = 713A0E0519DB0367007D85EC /* Tab-PagerTests.xctest */;
			productType = "com.apple.product-type.bundle.unit-test";
		};
/* End PBXNativeTarget section */

/* Begin PBXProject section */
		713A0DE419DB0367007D85EC /* Project object */ = {
			isa = PBXProject;
			attributes = {
				LastUpgradeCheck = 0600;
				ORGANIZATIONNAME = "Tab-Pager";
				TargetAttributes = {
					713A0DEB19DB0367007D85EC = {
						CreatedOnToolsVersion = 6.0;
					};
					713A0E0419DB0367007D85EC = {
						CreatedOnToolsVersion = 6.0;
						TestTargetID = 713A0DEB19DB0367007D85EC;
					};
				};
			};
			buildConfigurationList = 713A0DE719DB0367007D85EC /* Build configuration list for PBXProject "Tab-Pager" */;
			compatibilityVersion = "Xcode 3.2";
			developmentRegion = English;
			hasScannedForEncodings = 0;
			knownRegions = (
				en,
				Base,
			);
			mainGroup = 713A0DE319DB0367007D85EC;
			productRefGroup = 713A0DED19DB0367007D85EC /* Products */;
			projectDirPath = "";
			projectRoot = "";
			targets = (
				713A0DEB19DB0367007D85EC /* Tab-Pager */,
				713A0E0419DB0367007D85EC /* Tab-PagerTests */,
			);
		};
/* End PBXProject section */

/* Begin PBXResourcesBuildPhase section */
		713A0DEA19DB0367007D85EC /* Resources */ = {
			isa = PBXResourcesBuildPhase;
			buildActionMask = 2147483647;
			files = (
				713A0DFB19DB0367007D85EC /* Main.storyboard in Resources */,
				713A0E0019DB0367007D85EC /* LaunchScreen.xib in Resources */,
				713A0DFD19DB0367007D85EC /* Images.xcassets in Resources */,
			);
			runOnlyForDeploymentPostprocessing = 0;
		};
		713A0E0319DB0367007D85EC /* Resources */ = {
			isa = PBXResourcesBuildPhase;
			buildActionMask = 2147483647;
			files = (
			);
			runOnlyForDeploymentPostprocessing = 0;
		};
/* End PBXResourcesBuildPhase section */

/* Begin PBXSourcesBuildPhase section */
		713A0DE819DB0367007D85EC /* Sources */ = {
			isa = PBXSourcesBuildPhase;
			buildActionMask = 2147483647;
			files = (
				713A0DF819DB0367007D85EC /* ViewController.m in Sources */,
				713A0DF519DB0367007D85EC /* AppDelegate.m in Sources */,
				713A0DF219DB0367007D85EC /* main.m in Sources */,
			);
			runOnlyForDeploymentPostprocessing = 0;
		};
		713A0E0119DB0367007D85EC /* Sources */ = {
			isa = PBXSourcesBuildPhase;
			buildActionMask = 2147483647;
			files = (
				713A0E0C19DB0367007D85EC /* Tab_PagerTests.m in Sources */,
			);
			runOnlyForDeploymentPostprocessing = 0;
		};
/* End PBXSourcesBuildPhase section */

/* Begin PBXTargetDependency section */
		713A0E0719DB0367007D85EC /* PBXTargetDependency */ = {
			isa = PBXTargetDependency;
			target = 713A0DEB19DB0367007D85EC /* Tab-Pager */;
			targetProxy = 713A0E0619DB0367007D85EC /* PBXContainerItemProxy */;
		};
/* End PBXTargetDependency section */

/* Begin PBXVariantGroup section */
		713A0DF919DB0367007D85EC /* Main.storyboard */ = {
			isa = PBXVariantGroup;
			children = (
				713A0DFA19DB0367007D85EC /* Base */,
			);
			name = Main.storyboard;
			sourceTree = "<group>";
		};
		713A0DFE19DB0367007D85EC /* LaunchScreen.xib */ = {
			isa = PBXVariantGroup;
			children = (
				713A0DFF19DB0367007D85EC /* Base */,
			);
			name = LaunchScreen.xib;
			sourceTree = "<group>";
		};
/* End PBXVariantGroup section */

/* Begin XCBuildConfiguration section */
		713A0E0D19DB0367007D85EC /* Debug */ = {
			isa = XCBuildConfiguration;
			buildSettings = {
				ALWAYS_SEARCH_USER_PATHS = NO;
				CLANG_CXX_LANGUAGE_STANDARD = "gnu++0x";
				CLANG_CXX_LIBRARY = "libc++";
				CLANG_ENABLE_MODULES = YES;
				CLANG_ENABLE_OBJC_ARC = YES;
				CLANG_WARN_BOOL_CONVERSION = YES;
				CLANG_WARN_CONSTANT_CONVERSION = YES;
				CLANG_WARN_DIRECT_OBJC_ISA_USAGE = YES_ERROR;
				CLANG_WARN_EMPTY_BODY = YES;
				CLANG_WARN_ENUM_CONVERSION = YES;
				CLANG_WARN_INT_CONVERSION = YES;
				CLANG_WARN_OBJC_ROOT_CLASS = YES_ERROR;
				CLANG_WARN_UNREACHABLE_CODE = YES;
				CLANG_WARN__DUPLICATE_METHOD_MATCH = YES;
				"CODE_SIGN_IDENTITY[sdk=iphoneos*]" = "iPhone Developer";
				COPY_PHASE_STRIP = NO;
				ENABLE_STRICT_OBJC_MSGSEND = YES;
				GCC_C_LANGUAGE_STANDARD = gnu99;
				GCC_DYNAMIC_NO_PIC = NO;
				GCC_OPTIMIZATION_LEVEL = 0;
				GCC_PREPROCESSOR_DEFINITIONS = (
					"DEBUG=1",
					"$(inherited)",
				);
				GCC_SYMBOLS_PRIVATE_EXTERN = NO;
				GCC_WARN_64_TO_32_BIT_CONVERSION = YES;
				GCC_WARN_ABOUT_RETURN_TYPE = YES_ERROR;
				GCC_WARN_UNDECLARED_SELECTOR = YES;
				GCC_WARN_UNINITIALIZED_AUTOS = YES_AGGRESSIVE;
				GCC_WARN_UNUSED_FUNCTION = YES;
				GCC_WARN_UNUSED_VARIABLE = YES;
				IPHONEOS_DEPLOYMENT_TARGET = 8.0;
				MTL_ENABLE_DEBUG_INFO = YES;
				ONLY_ACTIVE_ARCH = YES;
				SDKROOT = iphoneos;
			};
			name = Debug;
		};
		713A0E0E19DB0367007D85EC /* Release */ = {
			isa = XCBuildConfiguration;
			buildSettings = {
				ALWAYS_SEARCH_USER_PATHS = NO;
				CLANG_CXX_LANGUAGE_STANDARD = "gnu++0x";
				CLANG_CXX_LIBRARY = "libc++";
				CLANG_ENABLE_MODULES = YES;
				CLANG_ENABLE_OBJC_ARC = YES;
				CLANG_WARN_BOOL_CONVERSION = YES;
				CLANG_WARN_CONSTANT_CONVERSION = YES;
				CLANG_WARN_DIRECT_OBJC_ISA_USAGE = YES_ERROR;
				CLANG_WARN_EMPTY_BODY = YES;
				CLANG_WARN_ENUM_CONVERSION = YES;
				CLANG_WARN_INT_CONVERSION = YES;
				CLANG_WARN_OBJC_ROOT_CLASS = YES_ERROR;
				CLANG_WARN_UNREACHABLE_CODE = YES;
				CLANG_WARN__DUPLICATE_METHOD_MATCH = YES;
				"CODE_SIGN_IDENTITY[sdk=iphoneos*]" = "iPhone Developer";
				COPY_PHASE_STRIP = YES;
				ENABLE_NS_ASSERTIONS = NO;
				ENABLE_STRICT_OBJC_MSGSEND = YES;
				GCC_C_LANGUAGE_STANDARD = gnu99;
				GCC_WARN_64_TO_32_BIT_CONVERSION = YES;
				GCC_WARN_ABOUT_RETURN_TYPE = YES_ERROR;
				GCC_WARN_UNDECLARED_SELECTOR = YES;
				GCC_WARN_UNINITIALIZED_AUTOS = YES_AGGRESSIVE;
				GCC_WARN_UNUSED_FUNCTION = YES;
				GCC_WARN_UNUSED_VARIABLE = YES;
				IPHONEOS_DEPLOYMENT_TARGET = 8.0;
				MTL_ENABLE_DEBUG_INFO = NO;
				SDKROOT = iphoneos;
				VALIDATE_PRODUCT = YES;
			};
			name = Release;
		};
		713A0E1019DB0367007D85EC /* Debug */ = {
			isa = XCBuildConfiguration;
			buildSettings = {
				ASSETCATALOG_COMPILER_APPICON_NAME = AppIcon;
				INFOPLIST_FILE = "Tab-Pager/Info.plist";
				LD_RUNPATH_SEARCH_PATHS = "$(inherited) @executable_path/Frameworks";
				PRODUCT_NAME = "$(TARGET_NAME)";
			};
			name = Debug;
		};
		713A0E1119DB0367007D85EC /* Release */ = {
			isa = XCBuildConfiguration;
			buildSettings = {
				ASSETCATALOG_COMPILER_APPICON_NAME = AppIcon;
				INFOPLIST_FILE = "Tab-Pager/Info.plist";
				LD_RUNPATH_SEARCH_PATHS = "$(inherited) @executable_path/Frameworks";
				PRODUCT_NAME = "$(TARGET_NAME)";
			};
			name = Release;
		};
		713A0E1319DB0367007D85EC /* Debug */ = {
			isa = XCBuildConfiguration;
			buildSettings = {
				BUNDLE_LOADER = "$(TEST_HOST)";
				FRAMEWORK_SEARCH_PATHS = (
					"$(SDKROOT)/Developer/Library/Frameworks",
					"$(inherited)",
				);
				GCC_PREPROCESSOR_DEFINITIONS = (
					"DEBUG=1",
					"$(inherited)",
				);
				INFOPLIST_FILE = "Tab-PagerTests/Info.plist";
				LD_RUNPATH_SEARCH_PATHS = "$(inherited) @executable_path/Frameworks @loader_path/Frameworks";
				PRODUCT_NAME = "$(TARGET_NAME)";
				TEST_HOST = "$(BUILT_PRODUCTS_DIR)/Tab-Pager.app/Tab-Pager";
			};
			name = Debug;
		};
		713A0E1419DB0367007D85EC /* Release */ = {
			isa = XCBuildConfiguration;
			buildSettings = {
				BUNDLE_LOADER = "$(TEST_HOST)";
				FRAMEWORK_SEARCH_PATHS = (
					"$(SDKROOT)/Developer/Library/Frameworks",
					"$(inherited)",
				);
				INFOPLIST_FILE = "Tab-PagerTests/Info.plist";
				LD_RUNPATH_SEARCH_PATHS = "$(inherited) @executable_path/Frameworks @loader_path/Frameworks";
				PRODUCT_NAME = "$(TARGET_NAME)";
				TEST_HOST = "$(BUILT_PRODUCTS_DIR)/Tab-Pager.app/Tab-Pager";
			};
			name = Release;
		};
/* End XCBuildConfiguration section */

/* Begin XCConfigurationList section */
		713A0DE719DB0367007D85EC /* Build configuration list for PBXProject "Tab-Pager" */ = {
			isa = XCConfigurationList;
			buildConfigurations = (
				713A0E0D19DB0367007D85EC /* Debug */,
				713A0E0E19DB0367007D85EC /* Release */,
			);
			defaultConfigurationIsVisible = 0;
			defaultConfigurationName = Release;
		};
		713A0E0F19DB0367007D85EC /* Build configuration list for PBXNativeTarget "Tab-Pager" */ = {
			isa = XCConfigurationList;
			buildConfigurations = (
				713A0E1019DB0367007D85EC /* Debug */,
				713A0E1119DB0367007D85EC /* Release */,
			);
			defaultConfigurationIsVisible = 0;
		};
		713A0E1219DB0367007D85EC /* Build configuration list for PBXNativeTarget "Tab-PagerTests" */ = {
			isa = XCConfigurationList;
			buildConfigurations = (
				713A0E1319DB0367007D85EC /* Debug */,
				713A0E1419DB0367007D85EC /* Release */,
			);
			defaultConfigurationIsVisible = 0;
		};
/* End XCConfigurationList section */
	};
	rootObject = 713A0DE419DB0367007D85EC /* Project object */;
}
